
Microsoft Visual Studio Solution File, Format Version 12.00
# Visual Studio Version 17
VisualStudioVersion = 17.1.32210.238
MinimumVisualStudioVersion = 10.0.40219.1
Project("{9A19103F-16F7-4668-BE54-9A1E7A4F7556}") = "EmpresaAPI", "EmpresaAPI\EmpresaAPI.csproj", "{975BBA59-AE0B-4D85-B950-A6BC1861D0ED}"
EndProject
Project("{FAE04EC0-301F-11D3-BF4B-00C04F79EFBC}") = "EmpresaWebTest", "EmpresaWebTest\EmpresaWebTest.csproj", "{DBB4BBF4-3E13-4F5F-9FDC-C0E2DD262501}"
EndProject
Global
	GlobalSection(SolutionConfigurationPlatforms) = preSolution
		Debug|Any CPU = Debug|Any CPU
		Release|Any CPU = Release|Any CPU
	EndGlobalSection
	GlobalSection(ProjectConfigurationPlatforms) = postSolution
		{975BBA59-AE0B-4D85-B950-A6BC1861D0ED}.Debug|Any CPU.ActiveCfg = Debug|Any CPU
		{975BBA59-AE0B-4D85-B950-A6BC1861D0ED}.Debug|Any CPU.Build.0 = Debug|Any CPU
		{975BBA59-AE0B-4D85-B950-A6BC1861D0ED}.Release|Any CPU.ActiveCfg = Release|Any CPU
		{975BBA59-AE0B-4D85-B950-A6BC1861D0ED}.Release|Any CPU.Build.0 = Release|Any CPU
		{DBB4BBF4-3E13-4F5F-9FDC-C0E2DD262501}.Debug|Any CPU.ActiveCfg = Debug|Any CPU
		{DBB4BBF4-3E13-4F5F-9FDC-C0E2DD262501}.Debug|Any CPU.Build.0 = Debug|Any CPU
		{DBB4BBF4-3E13-4F5F-9FDC-C0E2DD262501}.Release|Any CPU.ActiveCfg = Release|Any CPU
		{DBB4BBF4-3E13-4F5F-9FDC-C0E2DD262501}.Release|Any CPU.Build.0 = Release|Any CPU
	EndGlobalSection
	GlobalSection(SolutionProperties) = preSolution
		HideSolutionNode = FALSE
	EndGlobalSection
	GlobalSection(ExtensibilityGlobals) = postSolution
		SolutionGuid = {6654B0B5-76FB-40B5-9362-F3D33187EAA5}
	EndGlobalSection
EndGlobal
